
Microsoft Visual Studio Solution File, Format Version 12.00
# Visual Studio Version 17
VisualStudioVersion = 17.2.32616.157
MinimumVisualStudioVersion = 10.0.40219.1
Project("{2150E333-8FDC-42A3-9474-1A3956D46DE8}") = "src", "src", "{FE1B2BAF-5BF5-4C4E-8B3F-C0BE5B25F8D1}"
EndProject
Project("{2150E333-8FDC-42A3-9474-1A3956D46DE8}") = "Services", "Services", "{5B027B48-CAC4-4BC0-979C-37D2FA380404}"
EndProject
Project("{2150E333-8FDC-42A3-9474-1A3956D46DE8}") = "Catalog", "Catalog", "{5C883E61-2A2F-4AE0-9488-3DE0EA5F0104}"
EndProject
Project("{9A19103F-16F7-4668-BE54-9A1E7A4F7556}") = "Catalog.API", "src\Services\Catalog\Catalog.API\Catalog.API.csproj", "{46F2E1D7-B518-4336-AA4B-C82139476402}"
EndProject
Project("{9A19103F-16F7-4668-BE54-9A1E7A4F7556}") = "Catalog.Domain", "src\Services\Catalog\Catalog.Domain\Catalog.Domain.csproj", "{00B96D4A-B6A8-4ACB-AEB6-54A7CF7B6BD9}"
EndProject
Project("{9A19103F-16F7-4668-BE54-9A1E7A4F7556}") = "Catalog.Application", "src\Services\Catalog\Catalog.Application\Catalog.Application.csproj", "{03928868-9BA4-4B50-BD3B-15CE3F593DA3}"
EndProject
Project("{9A19103F-16F7-4668-BE54-9A1E7A4F7556}") = "Catalog.Infrastructure", "src\Services\Catalog\Catalog.Infrastructure\Catalog.Infrastructure.csproj", "{30800614-CDD0-4A70-8FF2-DA6E84C60B2E}"
EndProject
Project("{2150E333-8FDC-42A3-9474-1A3956D46DE8}") = "postman", "postman", "{1A0A95C9-9367-45CA-B6E2-0DF7680F83AD}"
	ProjectSection(SolutionItems) = preProject
		postman\eCommerceMicroservices.postman_collection.json = postman\eCommerceMicroservices.postman_collection.json
	EndProjectSection
EndProject
Project("{E53339B2-1760-4266-BCC7-CA923CBCF16C}") = "docker-compose", "docker-compose.dcproj", "{219FF80D-D6CC-41E8-8406-16D1E19152C8}"
EndProject
Project("{2150E333-8FDC-42A3-9474-1A3956D46DE8}") = "Basket", "Basket", "{CAD7B0DE-1F6D-411B-8A71-8027D9D8C0E8}"
EndProject
Project("{9A19103F-16F7-4668-BE54-9A1E7A4F7556}") = "Basket.API", "src\Services\Basket\Basket.API\Basket.API.csproj", "{3BCFA660-9366-4214-99B2-D048BCADDC34}"
EndProject
Project("{9A19103F-16F7-4668-BE54-9A1E7A4F7556}") = "Basket.Domain", "src\Services\Basket\Basket.Domain\Basket.Domain.csproj", "{931487BF-21B3-4D5F-B5C8-94A8F77BE1C8}"
EndProject
Project("{2150E333-8FDC-42A3-9474-1A3956D46DE8}") = "Common", "Common", "{966C39FA-6BBF-41A1-B0EE-19602FDFD2FD}"
EndProject
Project("{9A19103F-16F7-4668-BE54-9A1E7A4F7556}") = "Common.Primitives", "src\Common\Common.Primitives\Common.Primitives.csproj", "{C8002664-A4F7-49C3-8AA1-A489B0158E28}"
EndProject
Project("{9A19103F-16F7-4668-BE54-9A1E7A4F7556}") = "Basket.Infrastructure", "src\Services\Basket\Basket.Infrastructure\Basket.Infrastructure.csproj", "{8D67BBAF-E0FA-40F3-9E54-BF28F5794F76}"
EndProject
Project("{9A19103F-16F7-4668-BE54-9A1E7A4F7556}") = "Basket.Application", "src\Services\Basket\Basket.Application\Basket.Application.csproj", "{C8C9F378-6C2D-45FC-875A-9E0A6A8A5976}"
EndProject
Project("{2150E333-8FDC-42A3-9474-1A3956D46DE8}") = "Discount", "Discount", "{D73BC7F3-4360-4C2B-B5C8-82DDDC891B00}"
EndProject
Project("{9A19103F-16F7-4668-BE54-9A1E7A4F7556}") = "Discount.API", "src\Services\Discount\Discount.API\Discount.API.csproj", "{3EBBA260-8E9A-4792-8093-5E95972B57EA}"
EndProject
Project("{9A19103F-16F7-4668-BE54-9A1E7A4F7556}") = "Discount.Domain", "src\Services\Discount\Discount.Domain\Discount.Domain.csproj", "{025C6BEE-6EA1-490C-AA1D-CBCA742D0035}"
EndProject
Project("{9A19103F-16F7-4668-BE54-9A1E7A4F7556}") = "Discount.Infrastructure", "src\Services\Discount\Discount.Infrastructure\Discount.Infrastructure.csproj", "{4653F7CC-B6D8-4CBA-833F-88B2C6A5074A}"
EndProject
Project("{9A19103F-16F7-4668-BE54-9A1E7A4F7556}") = "Discount.Application", "src\Services\Discount\Discount.Application\Discount.Application.csproj", "{CC4E5ADC-A94D-465E-9D49-0C434352BEBD}"
EndProject
Project("{9A19103F-16F7-4668-BE54-9A1E7A4F7556}") = "Discount.Grpc", "src\Services\Discount\Discount.Grpc\Discount.Grpc.csproj", "{31F2776E-D45E-4B94-80E3-0E4619288D08}"
EndProject
Project("{2150E333-8FDC-42A3-9474-1A3956D46DE8}") = "Orders", "Orders", "{B82360DF-D768-4E25-9E93-67F2E4493153}"
EndProject
Project("{9A19103F-16F7-4668-BE54-9A1E7A4F7556}") = "Orders.API", "src\Services\Orders\Orders.API\Orders.API.csproj", "{10C31FD4-F08A-4051-9C14-D2C6C1A142D9}"
EndProject
Project("{9A19103F-16F7-4668-BE54-9A1E7A4F7556}") = "Orders.Domain", "src\Services\Orders\Orders.Domain\Orders.Domain.csproj", "{B133771D-0A97-431E-81F9-0D585C63CBA2}"
EndProject
Project("{9A19103F-16F7-4668-BE54-9A1E7A4F7556}") = "Orders.Application", "src\Services\Orders\Orders.Application\Orders.Application.csproj", "{FEC508C9-D2C7-42AC-9414-0E0FA97D587F}"
EndProject
Project("{9A19103F-16F7-4668-BE54-9A1E7A4F7556}") = "Orders.Infrastructure", "src\Services\Orders\Orders.Infrastructure\Orders.Infrastructure.csproj", "{DA35BECA-248C-4049-9DB4-C7143F77FAE1}"
EndProject
Project("{9A19103F-16F7-4668-BE54-9A1E7A4F7556}") = "EventBus.Messages", "src\Common\EventBus.Messages\EventBus.Messages.csproj", "{A810852D-3987-4494-AB2A-D1C9C3507FBF}"
EndProject
Project("{9A19103F-16F7-4668-BE54-9A1E7A4F7556}") = "EventBus.Core", "src\Common\EventBus.Core\EventBus.Core.csproj", "{2992FC52-440A-40DD-A11A-686A74654C2A}"
EndProject
Project("{2150E333-8FDC-42A3-9474-1A3956D46DE8}") = "Gateway", "Gateway", "{C0CEFB1C-7D0B-4ABB-828F-CA5F7BE1D7FF}"
EndProject
Project("{9A19103F-16F7-4668-BE54-9A1E7A4F7556}") = "OcelotApiGateway", "src\Gateway\OcelotApiGateway\OcelotApiGateway.csproj", "{B82BDBBB-8537-4F0C-9F46-1B6E84DB9892}"
EndProject
Project("{9A19103F-16F7-4668-BE54-9A1E7A4F7556}") = "Shopping.Aggregator", "src\Gateway\Shopping.Aggregator\Shopping.Aggregator.csproj", "{47305DDA-8956-4A64-9FD6-96A8E6F26504}"
EndProject
Project("{2150E333-8FDC-42A3-9474-1A3956D46DE8}") = "Solution Items", "Solution Items", "{555B561D-D65E-4759-A7D7-D466514F63AD}"
	ProjectSection(SolutionItems) = preProject
		Directory.Build.props = Directory.Build.props
	EndProjectSection
EndProject
Project("{9A19103F-16F7-4668-BE54-9A1E7A4F7556}") = "Common.Idempotency", "src\Common\Common.Idempotency\Common.Idempotency.csproj", "{99251F20-CB6C-470A-86A1-4205B3AEE769}"
EndProject
Project("{9A19103F-16F7-4668-BE54-9A1E7A4F7556}") = "Common.Logging", "src\Common\Common.Logging\Common.Logging.csproj", "{D9C2BEA0-4ECC-4BBF-831F-D18C4EC570B8}"
EndProject
Project("{FAE04EC0-301F-11D3-BF4B-00C04F79EFBC}") = "Common.Tracing", "src\Common\Common.Tracing\Common.Tracing.csproj", "{0CCE2570-1859-47E3-88F1-2F772930D7EB}"
EndProject
Global
	GlobalSection(SolutionConfigurationPlatforms) = preSolution
		Debug|Any CPU = Debug|Any CPU
		Release|Any CPU = Release|Any CPU
	EndGlobalSection
	GlobalSection(ProjectConfigurationPlatforms) = postSolution
		{46F2E1D7-B518-4336-AA4B-C82139476402}.Debug|Any CPU.ActiveCfg = Debug|Any CPU
		{46F2E1D7-B518-4336-AA4B-C82139476402}.Debug|Any CPU.Build.0 = Debug|Any CPU
		{46F2E1D7-B518-4336-AA4B-C82139476402}.Release|Any CPU.ActiveCfg = Release|Any CPU
		{46F2E1D7-B518-4336-AA4B-C82139476402}.Release|Any CPU.Build.0 = Release|Any CPU
		{00B96D4A-B6A8-4ACB-AEB6-54A7CF7B6BD9}.Debug|Any CPU.ActiveCfg = Debug|Any CPU
		{00B96D4A-B6A8-4ACB-AEB6-54A7CF7B6BD9}.Debug|Any CPU.Build.0 = Debug|Any CPU
		{00B96D4A-B6A8-4ACB-AEB6-54A7CF7B6BD9}.Release|Any CPU.ActiveCfg = Release|Any CPU
		{00B96D4A-B6A8-4ACB-AEB6-54A7CF7B6BD9}.Release|Any CPU.Build.0 = Release|Any CPU
		{03928868-9BA4-4B50-BD3B-15CE3F593DA3}.Debug|Any CPU.ActiveCfg = Debug|Any CPU
		{03928868-9BA4-4B50-BD3B-15CE3F593DA3}.Debug|Any CPU.Build.0 = Debug|Any CPU
		{03928868-9BA4-4B50-BD3B-15CE3F593DA3}.Release|Any CPU.ActiveCfg = Release|Any CPU
		{03928868-9BA4-4B50-BD3B-15CE3F593DA3}.Release|Any CPU.Build.0 = Release|Any CPU
		{30800614-CDD0-4A70-8FF2-DA6E84C60B2E}.Debug|Any CPU.ActiveCfg = Debug|Any CPU
		{30800614-CDD0-4A70-8FF2-DA6E84C60B2E}.Debug|Any CPU.Build.0 = Debug|Any CPU
		{30800614-CDD0-4A70-8FF2-DA6E84C60B2E}.Release|Any CPU.ActiveCfg = Release|Any CPU
		{30800614-CDD0-4A70-8FF2-DA6E84C60B2E}.Release|Any CPU.Build.0 = Release|Any CPU
		{219FF80D-D6CC-41E8-8406-16D1E19152C8}.Debug|Any CPU.ActiveCfg = Debug|Any CPU
		{219FF80D-D6CC-41E8-8406-16D1E19152C8}.Debug|Any CPU.Build.0 = Debug|Any CPU
		{219FF80D-D6CC-41E8-8406-16D1E19152C8}.Release|Any CPU.ActiveCfg = Release|Any CPU
		{219FF80D-D6CC-41E8-8406-16D1E19152C8}.Release|Any CPU.Build.0 = Release|Any CPU
		{3BCFA660-9366-4214-99B2-D048BCADDC34}.Debug|Any CPU.ActiveCfg = Debug|Any CPU
		{3BCFA660-9366-4214-99B2-D048BCADDC34}.Debug|Any CPU.Build.0 = Debug|Any CPU
		{3BCFA660-9366-4214-99B2-D048BCADDC34}.Release|Any CPU.ActiveCfg = Release|Any CPU
		{3BCFA660-9366-4214-99B2-D048BCADDC34}.Release|Any CPU.Build.0 = Release|Any CPU
		{931487BF-21B3-4D5F-B5C8-94A8F77BE1C8}.Debug|Any CPU.ActiveCfg = Debug|Any CPU
		{931487BF-21B3-4D5F-B5C8-94A8F77BE1C8}.Debug|Any CPU.Build.0 = Debug|Any CPU
		{931487BF-21B3-4D5F-B5C8-94A8F77BE1C8}.Release|Any CPU.ActiveCfg = Release|Any CPU
		{931487BF-21B3-4D5F-B5C8-94A8F77BE1C8}.Release|Any CPU.Build.0 = Release|Any CPU
		{C8002664-A4F7-49C3-8AA1-A489B0158E28}.Debug|Any CPU.ActiveCfg = Debug|Any CPU
		{C8002664-A4F7-49C3-8AA1-A489B0158E28}.Debug|Any CPU.Build.0 = Debug|Any CPU
		{C8002664-A4F7-49C3-8AA1-A489B0158E28}.Release|Any CPU.ActiveCfg = Release|Any CPU
		{C8002664-A4F7-49C3-8AA1-A489B0158E28}.Release|Any CPU.Build.0 = Release|Any CPU
		{8D67BBAF-E0FA-40F3-9E54-BF28F5794F76}.Debug|Any CPU.ActiveCfg = Debug|Any CPU
		{8D67BBAF-E0FA-40F3-9E54-BF28F5794F76}.Debug|Any CPU.Build.0 = Debug|Any CPU
		{8D67BBAF-E0FA-40F3-9E54-BF28F5794F76}.Release|Any CPU.ActiveCfg = Release|Any CPU
		{8D67BBAF-E0FA-40F3-9E54-BF28F5794F76}.Release|Any CPU.Build.0 = Release|Any CPU
		{C8C9F378-6C2D-45FC-875A-9E0A6A8A5976}.Debug|Any CPU.ActiveCfg = Debug|Any CPU
		{C8C9F378-6C2D-45FC-875A-9E0A6A8A5976}.Debug|Any CPU.Build.0 = Debug|Any CPU
		{C8C9F378-6C2D-45FC-875A-9E0A6A8A5976}.Release|Any CPU.ActiveCfg = Release|Any CPU
		{C8C9F378-6C2D-45FC-875A-9E0A6A8A5976}.Release|Any CPU.Build.0 = Release|Any CPU
		{3EBBA260-8E9A-4792-8093-5E95972B57EA}.Debug|Any CPU.ActiveCfg = Debug|Any CPU
		{3EBBA260-8E9A-4792-8093-5E95972B57EA}.Debug|Any CPU.Build.0 = Debug|Any CPU
		{3EBBA260-8E9A-4792-8093-5E95972B57EA}.Release|Any CPU.ActiveCfg = Release|Any CPU
		{3EBBA260-8E9A-4792-8093-5E95972B57EA}.Release|Any CPU.Build.0 = Release|Any CPU
		{025C6BEE-6EA1-490C-AA1D-CBCA742D0035}.Debug|Any CPU.ActiveCfg = Debug|Any CPU
		{025C6BEE-6EA1-490C-AA1D-CBCA742D0035}.Debug|Any CPU.Build.0 = Debug|Any CPU
		{025C6BEE-6EA1-490C-AA1D-CBCA742D0035}.Release|Any CPU.ActiveCfg = Release|Any CPU
		{025C6BEE-6EA1-490C-AA1D-CBCA742D0035}.Release|Any CPU.Build.0 = Release|Any CPU
		{4653F7CC-B6D8-4CBA-833F-88B2C6A5074A}.Debug|Any CPU.ActiveCfg = Debug|Any CPU
		{4653F7CC-B6D8-4CBA-833F-88B2C6A5074A}.Debug|Any CPU.Build.0 = Debug|Any CPU
		{4653F7CC-B6D8-4CBA-833F-88B2C6A5074A}.Release|Any CPU.ActiveCfg = Release|Any CPU
		{4653F7CC-B6D8-4CBA-833F-88B2C6A5074A}.Release|Any CPU.Build.0 = Release|Any CPU
		{CC4E5ADC-A94D-465E-9D49-0C434352BEBD}.Debug|Any CPU.ActiveCfg = Debug|Any CPU
		{CC4E5ADC-A94D-465E-9D49-0C434352BEBD}.Debug|Any CPU.Build.0 = Debug|Any CPU
		{CC4E5ADC-A94D-465E-9D49-0C434352BEBD}.Release|Any CPU.ActiveCfg = Release|Any CPU
		{CC4E5ADC-A94D-465E-9D49-0C434352BEBD}.Release|Any CPU.Build.0 = Release|Any CPU
		{31F2776E-D45E-4B94-80E3-0E4619288D08}.Debug|Any CPU.ActiveCfg = Debug|Any CPU
		{31F2776E-D45E-4B94-80E3-0E4619288D08}.Debug|Any CPU.Build.0 = Debug|Any CPU
		{31F2776E-D45E-4B94-80E3-0E4619288D08}.Release|Any CPU.ActiveCfg = Release|Any CPU
		{31F2776E-D45E-4B94-80E3-0E4619288D08}.Release|Any CPU.Build.0 = Release|Any CPU
		{10C31FD4-F08A-4051-9C14-D2C6C1A142D9}.Debug|Any CPU.ActiveCfg = Debug|Any CPU
		{10C31FD4-F08A-4051-9C14-D2C6C1A142D9}.Debug|Any CPU.Build.0 = Debug|Any CPU
		{10C31FD4-F08A-4051-9C14-D2C6C1A142D9}.Release|Any CPU.ActiveCfg = Release|Any CPU
		{10C31FD4-F08A-4051-9C14-D2C6C1A142D9}.Release|Any CPU.Build.0 = Release|Any CPU
		{B133771D-0A97-431E-81F9-0D585C63CBA2}.Debug|Any CPU.ActiveCfg = Debug|Any CPU
		{B133771D-0A97-431E-81F9-0D585C63CBA2}.Debug|Any CPU.Build.0 = Debug|Any CPU
		{B133771D-0A97-431E-81F9-0D585C63CBA2}.Release|Any CPU.ActiveCfg = Release|Any CPU
		{B133771D-0A97-431E-81F9-0D585C63CBA2}.Release|Any CPU.Build.0 = Release|Any CPU
		{FEC508C9-D2C7-42AC-9414-0E0FA97D587F}.Debug|Any CPU.ActiveCfg = Debug|Any CPU
		{FEC508C9-D2C7-42AC-9414-0E0FA97D587F}.Debug|Any CPU.Build.0 = Debug|Any CPU
		{FEC508C9-D2C7-42AC-9414-0E0FA97D587F}.Release|Any CPU.ActiveCfg = Release|Any CPU
		{FEC508C9-D2C7-42AC-9414-0E0FA97D587F}.Release|Any CPU.Build.0 = Release|Any CPU
		{DA35BECA-248C-4049-9DB4-C7143F77FAE1}.Debug|Any CPU.ActiveCfg = Debug|Any CPU
		{DA35BECA-248C-4049-9DB4-C7143F77FAE1}.Debug|Any CPU.Build.0 = Debug|Any CPU
		{DA35BECA-248C-4049-9DB4-C7143F77FAE1}.Release|Any CPU.ActiveCfg = Release|Any CPU
		{DA35BECA-248C-4049-9DB4-C7143F77FAE1}.Release|Any CPU.Build.0 = Release|Any CPU
		{A810852D-3987-4494-AB2A-D1C9C3507FBF}.Debug|Any CPU.ActiveCfg = Debug|Any CPU
		{A810852D-3987-4494-AB2A-D1C9C3507FBF}.Debug|Any CPU.Build.0 = Debug|Any CPU
		{A810852D-3987-4494-AB2A-D1C9C3507FBF}.Release|Any CPU.ActiveCfg = Release|Any CPU
		{A810852D-3987-4494-AB2A-D1C9C3507FBF}.Release|Any CPU.Build.0 = Release|Any CPU
		{2992FC52-440A-40DD-A11A-686A74654C2A}.Debug|Any CPU.ActiveCfg = Debug|Any CPU
		{2992FC52-440A-40DD-A11A-686A74654C2A}.Debug|Any CPU.Build.0 = Debug|Any CPU
		{2992FC52-440A-40DD-A11A-686A74654C2A}.Release|Any CPU.ActiveCfg = Release|Any CPU
		{2992FC52-440A-40DD-A11A-686A74654C2A}.Release|Any CPU.Build.0 = Release|Any CPU
		{B82BDBBB-8537-4F0C-9F46-1B6E84DB9892}.Debug|Any CPU.ActiveCfg = Debug|Any CPU
		{B82BDBBB-8537-4F0C-9F46-1B6E84DB9892}.Debug|Any CPU.Build.0 = Debug|Any CPU
		{B82BDBBB-8537-4F0C-9F46-1B6E84DB9892}.Release|Any CPU.ActiveCfg = Release|Any CPU
		{B82BDBBB-8537-4F0C-9F46-1B6E84DB9892}.Release|Any CPU.Build.0 = Release|Any CPU
		{47305DDA-8956-4A64-9FD6-96A8E6F26504}.Debug|Any CPU.ActiveCfg = Debug|Any CPU
		{47305DDA-8956-4A64-9FD6-96A8E6F26504}.Debug|Any CPU.Build.0 = Debug|Any CPU
		{47305DDA-8956-4A64-9FD6-96A8E6F26504}.Release|Any CPU.ActiveCfg = Release|Any CPU
		{47305DDA-8956-4A64-9FD6-96A8E6F26504}.Release|Any CPU.Build.0 = Release|Any CPU
		{99251F20-CB6C-470A-86A1-4205B3AEE769}.Debug|Any CPU.ActiveCfg = Debug|Any CPU
		{99251F20-CB6C-470A-86A1-4205B3AEE769}.Debug|Any CPU.Build.0 = Debug|Any CPU
		{99251F20-CB6C-470A-86A1-4205B3AEE769}.Release|Any CPU.ActiveCfg = Release|Any CPU
		{99251F20-CB6C-470A-86A1-4205B3AEE769}.Release|Any CPU.Build.0 = Release|Any CPU
		{D9C2BEA0-4ECC-4BBF-831F-D18C4EC570B8}.Debug|Any CPU.ActiveCfg = Debug|Any CPU
		{D9C2BEA0-4ECC-4BBF-831F-D18C4EC570B8}.Debug|Any CPU.Build.0 = Debug|Any CPU
		{D9C2BEA0-4ECC-4BBF-831F-D18C4EC570B8}.Release|Any CPU.ActiveCfg = Release|Any CPU
		{D9C2BEA0-4ECC-4BBF-831F-D18C4EC570B8}.Release|Any CPU.Build.0 = Release|Any CPU
		{0CCE2570-1859-47E3-88F1-2F772930D7EB}.Debug|Any CPU.ActiveCfg = Debug|Any CPU
		{0CCE2570-1859-47E3-88F1-2F772930D7EB}.Debug|Any CPU.Build.0 = Debug|Any CPU
		{0CCE2570-1859-47E3-88F1-2F772930D7EB}.Release|Any CPU.ActiveCfg = Release|Any CPU
		{0CCE2570-1859-47E3-88F1-2F772930D7EB}.Release|Any CPU.Build.0 = Release|Any CPU
	EndGlobalSection
	GlobalSection(SolutionProperties) = preSolution
		HideSolutionNode = FALSE
	EndGlobalSection
	GlobalSection(NestedProjects) = preSolution
		{5B027B48-CAC4-4BC0-979C-37D2FA380404} = {FE1B2BAF-5BF5-4C4E-8B3F-C0BE5B25F8D1}
		{5C883E61-2A2F-4AE0-9488-3DE0EA5F0104} = {5B027B48-CAC4-4BC0-979C-37D2FA380404}
		{46F2E1D7-B518-4336-AA4B-C82139476402} = {5C883E61-2A2F-4AE0-9488-3DE0EA5F0104}
		{00B96D4A-B6A8-4ACB-AEB6-54A7CF7B6BD9} = {5C883E61-2A2F-4AE0-9488-3DE0EA5F0104}
		{03928868-9BA4-4B50-BD3B-15CE3F593DA3} = {5C883E61-2A2F-4AE0-9488-3DE0EA5F0104}
		{30800614-CDD0-4A70-8FF2-DA6E84C60B2E} = {5C883E61-2A2F-4AE0-9488-3DE0EA5F0104}
		{CAD7B0DE-1F6D-411B-8A71-8027D9D8C0E8} = {5B027B48-CAC4-4BC0-979C-37D2FA380404}
		{3BCFA660-9366-4214-99B2-D048BCADDC34} = {CAD7B0DE-1F6D-411B-8A71-8027D9D8C0E8}
		{931487BF-21B3-4D5F-B5C8-94A8F77BE1C8} = {CAD7B0DE-1F6D-411B-8A71-8027D9D8C0E8}
		{966C39FA-6BBF-41A1-B0EE-19602FDFD2FD} = {FE1B2BAF-5BF5-4C4E-8B3F-C0BE5B25F8D1}
		{C8002664-A4F7-49C3-8AA1-A489B0158E28} = {966C39FA-6BBF-41A1-B0EE-19602FDFD2FD}
		{8D67BBAF-E0FA-40F3-9E54-BF28F5794F76} = {CAD7B0DE-1F6D-411B-8A71-8027D9D8C0E8}
		{C8C9F378-6C2D-45FC-875A-9E0A6A8A5976} = {CAD7B0DE-1F6D-411B-8A71-8027D9D8C0E8}
		{D73BC7F3-4360-4C2B-B5C8-82DDDC891B00} = {5B027B48-CAC4-4BC0-979C-37D2FA380404}
		{3EBBA260-8E9A-4792-8093-5E95972B57EA} = {D73BC7F3-4360-4C2B-B5C8-82DDDC891B00}
		{025C6BEE-6EA1-490C-AA1D-CBCA742D0035} = {D73BC7F3-4360-4C2B-B5C8-82DDDC891B00}
		{4653F7CC-B6D8-4CBA-833F-88B2C6A5074A} = {D73BC7F3-4360-4C2B-B5C8-82DDDC891B00}
		{CC4E5ADC-A94D-465E-9D49-0C434352BEBD} = {D73BC7F3-4360-4C2B-B5C8-82DDDC891B00}
		{31F2776E-D45E-4B94-80E3-0E4619288D08} = {D73BC7F3-4360-4C2B-B5C8-82DDDC891B00}
		{B82360DF-D768-4E25-9E93-67F2E4493153} = {5B027B48-CAC4-4BC0-979C-37D2FA380404}
		{10C31FD4-F08A-4051-9C14-D2C6C1A142D9} = {B82360DF-D768-4E25-9E93-67F2E4493153}
		{B133771D-0A97-431E-81F9-0D585C63CBA2} = {B82360DF-D768-4E25-9E93-67F2E4493153}
		{FEC508C9-D2C7-42AC-9414-0E0FA97D587F} = {B82360DF-D768-4E25-9E93-67F2E4493153}
		{DA35BECA-248C-4049-9DB4-C7143F77FAE1} = {B82360DF-D768-4E25-9E93-67F2E4493153}
		{A810852D-3987-4494-AB2A-D1C9C3507FBF} = {966C39FA-6BBF-41A1-B0EE-19602FDFD2FD}
		{2992FC52-440A-40DD-A11A-686A74654C2A} = {966C39FA-6BBF-41A1-B0EE-19602FDFD2FD}
		{C0CEFB1C-7D0B-4ABB-828F-CA5F7BE1D7FF} = {FE1B2BAF-5BF5-4C4E-8B3F-C0BE5B25F8D1}
		{B82BDBBB-8537-4F0C-9F46-1B6E84DB9892} = {C0CEFB1C-7D0B-4ABB-828F-CA5F7BE1D7FF}
		{47305DDA-8956-4A64-9FD6-96A8E6F26504} = {C0CEFB1C-7D0B-4ABB-828F-CA5F7BE1D7FF}
		{99251F20-CB6C-470A-86A1-4205B3AEE769} = {966C39FA-6BBF-41A1-B0EE-19602FDFD2FD}
	EndGlobalSection
	GlobalSection(ExtensibilityGlobals) = postSolution
		SolutionGuid = {0BAE2ED1-4E44-42E7-9B0B-BD7DAAF5FB16}
	EndGlobalSection
EndGlobal
